
Microsoft Visual Studio Solution File, Format Version 12.00
# Visual Studio Version 17
VisualStudioVersion = 17.8.34322.80
MinimumVisualStudioVersion = 10.0.40219.1
Project("{FAE04EC0-301F-11D3-BF4B-00C04F79EFBC}") = "Beadando", "Beadando\Beadando.csproj", "{7DB643A3-2B98-4058-9D3E-614179D2C1FD}"
EndProject
Global
	GlobalSection(SolutionConfigurationPlatforms) = preSolution
		Debug|Any CPU = Debug|Any CPU
		Release|Any CPU = Release|Any CPU
	EndGlobalSection
	GlobalSection(ProjectConfigurationPlatforms) = postSolution
		{7DB643A3-2B98-4058-9D3E-614179D2C1FD}.Debug|Any CPU.ActiveCfg = Debug|Any CPU
		{7DB643A3-2B98-4058-9D3E-614179D2C1FD}.Debug|Any CPU.Build.0 = Debug|Any CPU
		{7DB643A3-2B98-4058-9D3E-614179D2C1FD}.Release|Any CPU.ActiveCfg = Release|Any CPU
		{7DB643A3-2B98-4058-9D3E-614179D2C1FD}.Release|Any CPU.Build.0 = Release|Any CPU
	EndGlobalSection
	GlobalSection(SolutionProperties) = preSolution
		HideSolutionNode = FALSE
	EndGlobalSection
	GlobalSection(ExtensibilityGlobals) = postSolution
		SolutionGuid = {9E1436E3-120B-48FC-9F4F-9542B1981A1E}
	EndGlobalSection
EndGlobal
